
Microsoft Visual Studio Solution File, Format Version 12.00
# Visual Studio Version 16
VisualStudioVersion = 16.0.32228.343
MinimumVisualStudioVersion = 10.0.40219.1
Project("{FAE04EC0-301F-11D3-BF4B-00C04F79EFBC}") = "Sem7B.Android", "Sem7B.Android\Sem7B.Android.csproj", "{9FA75BD9-21C7-43E0-84CD-FE08FB9BF0EB}"
EndProject
Project("{FAE04EC0-301F-11D3-BF4B-00C04F79EFBC}") = "Sem7B.iOS", "Sem7B.iOS\Sem7B.iOS.csproj", "{A7D20281-D52C-4BD0-B849-DBF47CD53E2E}"
EndProject
Project("{FAE04EC0-301F-11D3-BF4B-00C04F79EFBC}") = "Sem7B", "Sem7B\Sem7B.csproj", "{84B5ED92-226C-455E-9E19-7F30D230D114}"
EndProject
Global
	GlobalSection(SolutionConfigurationPlatforms) = preSolution
		Debug|Any CPU = Debug|Any CPU
		Debug|iPhone = Debug|iPhone
		Debug|iPhoneSimulator = Debug|iPhoneSimulator
		Release|Any CPU = Release|Any CPU
		Release|iPhone = Release|iPhone
		Release|iPhoneSimulator = Release|iPhoneSimulator
	EndGlobalSection
	GlobalSection(ProjectConfigurationPlatforms) = postSolution
		{9FA75BD9-21C7-43E0-84CD-FE08FB9BF0EB}.Debug|Any CPU.ActiveCfg = Debug|Any CPU
		{9FA75BD9-21C7-43E0-84CD-FE08FB9BF0EB}.Debug|Any CPU.Build.0 = Debug|Any CPU
		{9FA75BD9-21C7-43E0-84CD-FE08FB9BF0EB}.Debug|Any CPU.Deploy.0 = Debug|Any CPU
		{9FA75BD9-21C7-43E0-84CD-FE08FB9BF0EB}.Debug|iPhone.ActiveCfg = Debug|Any CPU
		{9FA75BD9-21C7-43E0-84CD-FE08FB9BF0EB}.Debug|iPhone.Build.0 = Debug|Any CPU
		{9FA75BD9-21C7-43E0-84CD-FE08FB9BF0EB}.Debug|iPhone.Deploy.0 = Debug|Any CPU
		{9FA75BD9-21C7-43E0-84CD-FE08FB9BF0EB}.Debug|iPhoneSimulator.ActiveCfg = Debug|Any CPU
		{9FA75BD9-21C7-43E0-84CD-FE08FB9BF0EB}.Debug|iPhoneSimulator.Build.0 = Debug|Any CPU
		{9FA75BD9-21C7-43E0-84CD-FE08FB9BF0EB}.Debug|iPhoneSimulator.Deploy.0 = Debug|Any CPU
		{9FA75BD9-21C7-43E0-84CD-FE08FB9BF0EB}.Release|Any CPU.ActiveCfg = Release|Any CPU
		{9FA75BD9-21C7-43E0-84CD-FE08FB9BF0EB}.Release|Any CPU.Build.0 = Release|Any CPU
		{9FA75BD9-21C7-43E0-84CD-FE08FB9BF0EB}.Release|Any CPU.Deploy.0 = Release|Any CPU
		{9FA75BD9-21C7-43E0-84CD-FE08FB9BF0EB}.Release|iPhone.ActiveCfg = Release|Any CPU
		{9FA75BD9-21C7-43E0-84CD-FE08FB9BF0EB}.Release|iPhone.Build.0 = Release|Any CPU
		{9FA75BD9-21C7-43E0-84CD-FE08FB9BF0EB}.Release|iPhone.Deploy.0 = Release|Any CPU
		{9FA75BD9-21C7-43E0-84CD-FE08FB9BF0EB}.Release|iPhoneSimulator.ActiveCfg = Release|Any CPU
		{9FA75BD9-21C7-43E0-84CD-FE08FB9BF0EB}.Release|iPhoneSimulator.Build.0 = Release|Any CPU
		{9FA75BD9-21C7-43E0-84CD-FE08FB9BF0EB}.Release|iPhoneSimulator.Deploy.0 = Release|Any CPU
		{A7D20281-D52C-4BD0-B849-DBF47CD53E2E}.Debug|Any CPU.ActiveCfg = Debug|iPhone
		{A7D20281-D52C-4BD0-B849-DBF47CD53E2E}.Debug|Any CPU.Build.0 = Debug|iPhone
		{A7D20281-D52C-4BD0-B849-DBF47CD53E2E}.Debug|Any CPU.Deploy.0 = Debug|iPhone
		{A7D20281-D52C-4BD0-B849-DBF47CD53E2E}.Debug|iPhone.ActiveCfg = Debug|iPhone
		{A7D20281-D52C-4BD0-B849-DBF47CD53E2E}.Debug|iPhone.Build.0 = Debug|iPhone
		{A7D20281-D52C-4BD0-B849-DBF47CD53E2E}.Debug|iPhone.Deploy.0 = Debug|iPhone
		{A7D20281-D52C-4BD0-B849-DBF47CD53E2E}.Debug|iPhoneSimulator.ActiveCfg = Debug|iPhoneSimulator
		{A7D20281-D52C-4BD0-B849-DBF47CD53E2E}.Debug|iPhoneSimulator.Build.0 = Debug|iPhoneSimulator
		{A7D20281-D52C-4BD0-B849-DBF47CD53E2E}.Debug|iPhoneSimulator.Deploy.0 = Debug|iPhoneSimulator
		{A7D20281-D52C-4BD0-B849-DBF47CD53E2E}.Release|Any CPU.ActiveCfg = Release|iPhoneSimulator
		{A7D20281-D52C-4BD0-B849-DBF47CD53E2E}.Release|Any CPU.Build.0 = Release|iPhoneSimulator
		{A7D20281-D52C-4BD0-B849-DBF47CD53E2E}.Release|Any CPU.Deploy.0 = Release|iPhoneSimulator
		{A7D20281-D52C-4BD0-B849-DBF47CD53E2E}.Release|iPhone.ActiveCfg = Release|iPhone
		{A7D20281-D52C-4BD0-B849-DBF47CD53E2E}.Release|iPhone.Build.0 = Release|iPhone
		{A7D20281-D52C-4BD0-B849-DBF47CD53E2E}.Release|iPhone.Deploy.0 = Release|iPhone
		{A7D20281-D52C-4BD0-B849-DBF47CD53E2E}.Release|iPhoneSimulator.ActiveCfg = Release|iPhoneSimulator
		{A7D20281-D52C-4BD0-B849-DBF47CD53E2E}.Release|iPhoneSimulator.Build.0 = Release|iPhoneSimulator
		{A7D20281-D52C-4BD0-B849-DBF47CD53E2E}.Release|iPhoneSimulator.Deploy.0 = Release|iPhoneSimulator
		{84B5ED92-226C-455E-9E19-7F30D230D114}.Debug|Any CPU.ActiveCfg = Debug|Any CPU
		{84B5ED92-226C-455E-9E19-7F30D230D114}.Debug|Any CPU.Build.0 = Debug|Any CPU
		{84B5ED92-226C-455E-9E19-7F30D230D114}.Debug|Any CPU.Deploy.0 = Debug|Any CPU
		{84B5ED92-226C-455E-9E19-7F30D230D114}.Debug|iPhone.ActiveCfg = Debug|Any CPU
		{84B5ED92-226C-455E-9E19-7F30D230D114}.Debug|iPhone.Build.0 = Debug|Any CPU
		{84B5ED92-226C-455E-9E19-7F30D230D114}.Debug|iPhone.Deploy.0 = Debug|Any CPU
		{84B5ED92-226C-455E-9E19-7F30D230D114}.Debug|iPhoneSimulator.ActiveCfg = Debug|Any CPU
		{84B5ED92-226C-455E-9E19-7F30D230D114}.Debug|iPhoneSimulator.Build.0 = Debug|Any CPU
		{84B5ED92-226C-455E-9E19-7F30D230D114}.Debug|iPhoneSimulator.Deploy.0 = Debug|Any CPU
		{84B5ED92-226C-455E-9E19-7F30D230D114}.Release|Any CPU.ActiveCfg = Release|Any CPU
		{84B5ED92-226C-455E-9E19-7F30D230D114}.Release|Any CPU.Build.0 = Release|Any CPU
		{84B5ED92-226C-455E-9E19-7F30D230D114}.Release|Any CPU.Deploy.0 = Release|Any CPU
		{84B5ED92-226C-455E-9E19-7F30D230D114}.Release|iPhone.ActiveCfg = Release|Any CPU
		{84B5ED92-226C-455E-9E19-7F30D230D114}.Release|iPhone.Build.0 = Release|Any CPU
		{84B5ED92-226C-455E-9E19-7F30D230D114}.Release|iPhone.Deploy.0 = Release|Any CPU
		{84B5ED92-226C-455E-9E19-7F30D230D114}.Release|iPhoneSimulator.ActiveCfg = Release|Any CPU
		{84B5ED92-226C-455E-9E19-7F30D230D114}.Release|iPhoneSimulator.Build.0 = Release|Any CPU
		{84B5ED92-226C-455E-9E19-7F30D230D114}.Release|iPhoneSimulator.Deploy.0 = Release|Any CPU
	EndGlobalSection
	GlobalSection(SolutionProperties) = preSolution
		HideSolutionNode = FALSE
	EndGlobalSection
	GlobalSection(ExtensibilityGlobals) = postSolution
		SolutionGuid = {AE5311B2-328E-4579-AF52-A9C5A5D288FC}
	EndGlobalSection
EndGlobal
